
Microsoft Visual Studio Solution File, Format Version 12.00
# Visual Studio Version 17
VisualStudioVersion = 17.6.33829.357
MinimumVisualStudioVersion = 10.0.40219.1
Project("{F2A71F9B-5D33-465A-A702-920D77279786}") = "attributebasedrouting", "attributebasedrouting\attributebasedrouting.fsproj", "{B333B5F9-F054-400E-AB8B-A620DDB6BC4F}"
EndProject
Global
	GlobalSection(SolutionConfigurationPlatforms) = preSolution
		Debug|Any CPU = Debug|Any CPU
		Release|Any CPU = Release|Any CPU
	EndGlobalSection
	GlobalSection(ProjectConfigurationPlatforms) = postSolution
		{B333B5F9-F054-400E-AB8B-A620DDB6BC4F}.Debug|Any CPU.ActiveCfg = Debug|Any CPU
		{B333B5F9-F054-400E-AB8B-A620DDB6BC4F}.Debug|Any CPU.Build.0 = Debug|Any CPU
		{B333B5F9-F054-400E-AB8B-A620DDB6BC4F}.Release|Any CPU.ActiveCfg = Release|Any CPU
		{B333B5F9-F054-400E-AB8B-A620DDB6BC4F}.Release|Any CPU.Build.0 = Release|Any CPU
	EndGlobalSection
	GlobalSection(SolutionProperties) = preSolution
		HideSolutionNode = FALSE
	EndGlobalSection
	GlobalSection(ExtensibilityGlobals) = postSolution
		SolutionGuid = {BB19ABDC-8FFE-40C3-BECA-920E84E528D4}
	EndGlobalSection
EndGlobal
